# @generated - this file is auto-generated by `mise lock` https://mise.en.dev/dev-tools/mise-lock.html

[[tools."github:backnotprop/plannotator"]]
version = "0.19.27"
backend = "github:backnotprop/plannotator"

[tools."github:backnotprop/plannotator"."platforms.linux-arm64"]
checksum = "sha256:d2d4f0d020b8e8de24cae005863144072d45cb428cdbe76123b2681b99283d2d"
url = "https://github.com/backnotprop/plannotator/releases/download/v0.19.27/plannotator-linux-arm64"
url_api = "https://api.github.com/repos/backnotprop/plannotator/releases/assets/437645049"
provenance = "github-attestations"

[tools."github:backnotprop/plannotator"."platforms.linux-arm64-musl"]
checksum = "sha256:d2d4f0d020b8e8de24cae005863144072d45cb428cdbe76123b2681b99283d2d"
url = "https://github.com/backnotprop/plannotator/releases/download/v0.19.27/plannotator-linux-arm64"
url_api = "https://api.github.com/repos/backnotprop/plannotator/releases/assets/437645049"
provenance = "github-attestations"

[tools."github:backnotprop/plannotator"."platforms.linux-x64"]
checksum = "sha256:9bdcca37a410877b469aadffabc43c75a4207af6a36bf180d94eae8ca2a1d8b7"
url = "https://github.com/backnotprop/plannotator/releases/download/v0.19.27/plannotator-linux-x64"
url_api = "https://api.github.com/repos/backnotprop/plannotator/releases/assets/437645044"
provenance = "github-attestations"

[tools."github:backnotprop/plannotator"."platforms.linux-x64-musl"]
checksum = "sha256:9bdcca37a410877b469aadffabc43c75a4207af6a36bf180d94eae8ca2a1d8b7"
url = "https://github.com/backnotprop/plannotator/releases/download/v0.19.27/plannotator-linux-x64"
url_api = "https://api.github.com/repos/backnotprop/plannotator/releases/assets/437645044"
provenance = "github-attestations"

[tools."github:backnotprop/plannotator"."platforms.macos-arm64"]
checksum = "sha256:dca6b01595706b78de0f7ae3d96199888948756f547bcdf1dbfc9839f9bdb684"
url = "https://github.com/backnotprop/plannotator/releases/download/v0.19.27/plannotator-darwin-arm64"
url_api = "https://api.github.com/repos/backnotprop/plannotator/releases/assets/437645048"
provenance = "github-attestations"

[tools."github:backnotprop/plannotator"."platforms.macos-x64"]
checksum = "sha256:de46b55acc435ce9a0c10e25eedba25d2551c574484904a2dfb73d7ddedb767c"
url = "https://github.com/backnotprop/plannotator/releases/download/v0.19.27/plannotator-darwin-x64"
url_api = "https://api.github.com/repos/backnotprop/plannotator/releases/assets/437645047"
provenance = "github-attestations"

[tools."github:backnotprop/plannotator"."platforms.windows-x64"]
checksum = "sha256:e614bbb7a1632c16d9d04d27ff4b729ba4e6d7e86cd20f709f70d09e06160f47"
url = "https://github.com/backnotprop/plannotator/releases/download/v0.19.27/plannotator-win32-x64.exe"
url_api = "https://api.github.com/repos/backnotprop/plannotator/releases/assets/437645037"
provenance = "github-attestations"

[[tools.just]]
version = "1.51.0"
backend = "aqua:casey/just"

[tools.just."platforms.linux-arm64"]
checksum = "sha256:ed7ec466b77709198fd4afed253dba0270203ba5eb1c006bee2b0139090284f5"
url = "https://github.com/casey/just/releases/download/1.51.0/just-1.51.0-aarch64-unknown-linux-musl.tar.gz"

[tools.just."platforms.linux-arm64-musl"]
checksum = "sha256:ed7ec466b77709198fd4afed253dba0270203ba5eb1c006bee2b0139090284f5"
url = "https://github.com/casey/just/releases/download/1.51.0/just-1.51.0-aarch64-unknown-linux-musl.tar.gz"

[tools.just."platforms.linux-x64"]
checksum = "sha256:c8f085ca3e885723c341d06243fc291b5abfdc8bbe3b2c076b117de490387b59"
url = "https://github.com/casey/just/releases/download/1.51.0/just-1.51.0-x86_64-unknown-linux-musl.tar.gz"

[tools.just."platforms.linux-x64-musl"]
checksum = "sha256:c8f085ca3e885723c341d06243fc291b5abfdc8bbe3b2c076b117de490387b59"
url = "https://github.com/casey/just/releases/download/1.51.0/just-1.51.0-x86_64-unknown-linux-musl.tar.gz"

[tools.just."platforms.macos-arm64"]
checksum = "sha256:61e3f1b8a545ff064b091eab4b6e14f8cc743ff15549be293b1e92f5b1467002"
url = "https://github.com/casey/just/releases/download/1.51.0/just-1.51.0-aarch64-apple-darwin.tar.gz"

[tools.just."platforms.macos-x64"]
checksum = "sha256:d583e45f1f9fcdd26069ad2fe3bb9dea414756d8d0752eb9093974cb5c0246f0"
url = "https://github.com/casey/just/releases/download/1.51.0/just-1.51.0-x86_64-apple-darwin.tar.gz"

[tools.just."platforms.windows-x64"]
checksum = "sha256:09d1138b6845e73f04bff5e26be3f57663bddca25e36fe6241d28a5aa310b64e"
url = "https://github.com/casey/just/releases/download/1.51.0/just-1.51.0-x86_64-pc-windows-msvc.zip"

[[tools.node]]
version = "24.15.0"
backend = "core:node"

[tools.node."platforms.linux-arm64"]
checksum = "sha256:73afc234d558c24919875f51c2d1ea002a2ada4ea6f83601a383869fefa64eed"
url = "https://nodejs.org/dist/v24.15.0/node-v24.15.0-linux-arm64.tar.gz"

[tools.node."platforms.linux-arm64-musl"]
checksum = "sha256:31e98aa960a067da91edffd5d93bc46657b5d2a8029612c359f5f2ac0060152a"
url = "https://unofficial-builds.nodejs.org/download/release/v24.15.0/node-v24.15.0-linux-arm64-musl.tar.gz"

[tools.node."platforms.linux-x64"]
checksum = "sha256:44836872d9aec49f1e6b52a9a922872db9a2b02d235a616a5681b6a85fec8d89"
url = "https://nodejs.org/dist/v24.15.0/node-v24.15.0-linux-x64.tar.gz"

[tools.node."platforms.linux-x64-musl"]
checksum = "sha256:f55af5bd489c5347b113ca6594cae00a54b30ba57ac5875324311bfc6f4762e3"
url = "https://unofficial-builds.nodejs.org/download/release/v24.15.0/node-v24.15.0-linux-x64-musl.tar.gz"

[tools.node."platforms.macos-arm64"]
checksum = "sha256:372331b969779ab5d15b949884fc6eaf88d5afe87bde8ba881d6400b9100ffc4"
url = "https://nodejs.org/dist/v24.15.0/node-v24.15.0-darwin-arm64.tar.gz"

[tools.node."platforms.macos-x64"]
checksum = "sha256:ffd5ee293467927f3ee731a553eb88fd1f48cf74eebc2d74a6babe4af228673b"
url = "https://nodejs.org/dist/v24.15.0/node-v24.15.0-darwin-x64.tar.gz"

[tools.node."platforms.windows-x64"]
checksum = "sha256:cc5149eabd53779ce1e7bdc5401643622d0c7e6800ade18928a767e940bb0e62"
url = "https://nodejs.org/dist/v24.15.0/node-v24.15.0-win-x64.zip"

[[tools.uv]]
version = "0.10.12"
backend = "aqua:astral-sh/uv"

[tools.uv."platforms.linux-arm64"]
checksum = "sha256:55bd1c1c10ec8b95a8c184f5e18b566703c6ab105f0fc118aaa4d748aabf28e4"
url = "https://github.com/astral-sh/uv/releases/download/0.10.12/uv-aarch64-unknown-linux-musl.tar.gz"
provenance = "github-attestations"

[tools.uv."platforms.linux-arm64-musl"]
checksum = "sha256:55bd1c1c10ec8b95a8c184f5e18b566703c6ab105f0fc118aaa4d748aabf28e4"
url = "https://github.com/astral-sh/uv/releases/download/0.10.12/uv-aarch64-unknown-linux-musl.tar.gz"
provenance = "github-attestations"

[tools.uv."platforms.linux-x64"]
checksum = "sha256:adccf40b5d1939a5e0093081ec2307ea24235adf7c2d96b122c561fa37711c46"
url = "https://github.com/astral-sh/uv/releases/download/0.10.12/uv-x86_64-unknown-linux-musl.tar.gz"
provenance = "github-attestations"

[tools.uv."platforms.linux-x64-musl"]
checksum = "sha256:adccf40b5d1939a5e0093081ec2307ea24235adf7c2d96b122c561fa37711c46"
url = "https://github.com/astral-sh/uv/releases/download/0.10.12/uv-x86_64-unknown-linux-musl.tar.gz"
provenance = "github-attestations"

[tools.uv."platforms.macos-arm64"]
checksum = "sha256:ae738b5661a900579ec621d3918c0ef17bdec0da2a8a6d8b161137cd15f25414"
url = "https://github.com/astral-sh/uv/releases/download/0.10.12/uv-aarch64-apple-darwin.tar.gz"
provenance = "github-attestations"

[tools.uv."platforms.macos-x64"]
checksum = "sha256:17443e293f2ae407bb2d8d34b875ebfe0ae01cf1296de5647e69e7b2e2b428f0"
url = "https://github.com/astral-sh/uv/releases/download/0.10.12/uv-x86_64-apple-darwin.tar.gz"
provenance = "github-attestations"

[tools.uv."platforms.windows-x64"]
checksum = "sha256:4c1d55501869b3330d4aabf45ad6024ce2367e0f3af83344395702d272c22e88"
url = "https://github.com/astral-sh/uv/releases/download/0.10.12/uv-x86_64-pc-windows-msvc.zip"
provenance = "github-attestations"
